
Microsoft Visual Studio Solution File, Format Version 12.00
Project("{FAE04EC0-301F-11D3-BF4B-00C04F79EFBC}") = "PracticaMVC", "PracticaMVC\PracticaMVC.csproj", "{94C27CAD-FBD4-4D32-BFF6-15698B8996C6}"
EndProject
Global
	GlobalSection(SolutionConfigurationPlatforms) = preSolution
		Debug|Any CPU = Debug|Any CPU
		Release|Any CPU = Release|Any CPU
	EndGlobalSection
	GlobalSection(ProjectConfigurationPlatforms) = postSolution
		{94C27CAD-FBD4-4D32-BFF6-15698B8996C6}.Debug|Any CPU.ActiveCfg = Debug|Any CPU
		{94C27CAD-FBD4-4D32-BFF6-15698B8996C6}.Debug|Any CPU.Build.0 = Debug|Any CPU
		{94C27CAD-FBD4-4D32-BFF6-15698B8996C6}.Release|Any CPU.ActiveCfg = Release|Any CPU
		{94C27CAD-FBD4-4D32-BFF6-15698B8996C6}.Release|Any CPU.Build.0 = Release|Any CPU
	EndGlobalSection
EndGlobal
